
Microsoft Visual Studio Solution File, Format Version 12.00
# Visual Studio Version 16
VisualStudioVersion = 16.0.32802.440
MinimumVisualStudioVersion = 10.0.40219.1
Project("{FAE04EC0-301F-11D3-BF4B-00C04F79EFBC}") = "CRUD", "CRUD\CRUD.csproj", "{EBA15BD5-6B9A-4A52-BEC5-E1F4FAF0AAE5}"
EndProject
Global
	GlobalSection(SolutionConfigurationPlatforms) = preSolution
		Debug|Any CPU = Debug|Any CPU
		Release|Any CPU = Release|Any CPU
	EndGlobalSection
	GlobalSection(ProjectConfigurationPlatforms) = postSolution
		{EBA15BD5-6B9A-4A52-BEC5-E1F4FAF0AAE5}.Debug|Any CPU.ActiveCfg = Debug|Any CPU
		{EBA15BD5-6B9A-4A52-BEC5-E1F4FAF0AAE5}.Debug|Any CPU.Build.0 = Debug|Any CPU
		{EBA15BD5-6B9A-4A52-BEC5-E1F4FAF0AAE5}.Release|Any CPU.ActiveCfg = Release|Any CPU
		{EBA15BD5-6B9A-4A52-BEC5-E1F4FAF0AAE5}.Release|Any CPU.Build.0 = Release|Any CPU
	EndGlobalSection
	GlobalSection(SolutionProperties) = preSolution
		HideSolutionNode = FALSE
	EndGlobalSection
	GlobalSection(ExtensibilityGlobals) = postSolution
		SolutionGuid = {07256325-12B7-417E-83A0-A7EF41A633C8}
	EndGlobalSection
EndGlobal
